{
    "_meta": {
        "hash": {
            "sha256": "48f378ba6f61178d5f8a875aec8c1b71896c99331b65d2b9f438fdf723db83ef"
        },
        "pipfile-spec": 6,
        "requires": {
            "python_full_version": "3.10.4",
            "python_version": "3.10"
        },
        "sources": [
            {
                "name": "pypi",
                "url": "https://pypi.org/simple",
                "verify_ssl": true
            }
        ]
    },
    "default": {
        "comtypes": {
            "hashes": [
                "sha256:26f261b1eed6972d5cdaa3af1fadb3fa76fc59877d0a1293835327a76573380d",
                "sha256:c8f2f0e995d73baf0bd899a948d62adeb9ab908c8270c66a67ff09dfcf4872b7"
            ],
            "version": "==1.2.0"
        },
        "install": {
            "hashes": [
                "sha256:0d3fadf4aa62c95efe8d34757c8507eb46177f86c016c21c6551eafc6a53d5a9",
                "sha256:e67c8a0be5ccf8cb4ffa17d090f3a61b6e820e6a7e21cd1d2c0f7bc59b18e647"
            ],
            "index": "pypi",
            "version": "==1.3.5"
        },
        "jaraco.context": {
            "hashes": [
                "sha256:4dad2404540b936a20acedec53355bdaea223acb88fd329fa6de9261c941566e",
                "sha256:5d9e95ca0faa78943ed66f6bc658dd637430f16125d86988e77844c741ff2f11"
            ],
            "markers": "python_version >= '3.7'",
            "version": "==4.3.0"
        },
        "more-itertools": {
            "hashes": [
                "sha256:cabaa341ad0389ea83c17a94566a53ae4c9d07349861ecb14dc6d0345cf9ac5d",
                "sha256:d2bc7f02446e86a68911e58ded76d6561eea00cddfb2a91e7019bbb586c799f3"
            ],
            "markers": "python_version >= '3.7'",
            "version": "==9.1.0"
        },
        "mpmath": {
            "hashes": [
                "sha256:7a28eb2a9774d00c7bc92411c19a89209d5da7c4c9a9e227be8330a23a25b91f",
                "sha256:a0b2b9fe80bbcd81a6647ff13108738cfb482d481d826cc0e02f5b35e5c88d2c"
            ],
            "version": "==1.3.0"
        },
        "psutil": {
            "hashes": [
                "sha256:104a5cc0e31baa2bcf67900be36acde157756b9c44017b86b2c049f11957887d",
                "sha256:3c6f686f4225553615612f6d9bc21f1c0e305f75d7d8454f9b46e901778e7217",
                "sha256:4aef137f3345082a3d3232187aeb4ac4ef959ba3d7c10c33dd73763fbc063da4",
                "sha256:5410638e4df39c54d957fc51ce03048acd8e6d60abc0f5107af51e5fb566eb3c",
                "sha256:5b9b8cb93f507e8dbaf22af6a2fd0ccbe8244bf30b1baad6b3954e935157ae3f",
                "sha256:7a7dd9997128a0d928ed4fb2c2d57e5102bb6089027939f3b722f3a210f9a8da",
                "sha256:89518112647f1276b03ca97b65cc7f64ca587b1eb0278383017c2a0dcc26cbe4",
                "sha256:8c5f7c5a052d1d567db4ddd231a9d27a74e8e4a9c3f44b1032762bd7b9fdcd42",
                "sha256:ab8ed1a1d77c95453db1ae00a3f9c50227ebd955437bcf2a574ba8adbf6a74d5",
                "sha256:acf2aef9391710afded549ff602b5887d7a2349831ae4c26be7c807c0a39fac4",
                "sha256:b258c0c1c9d145a1d5ceffab1134441c4c5113b2417fafff7315a917a026c3c9",
                "sha256:be8929ce4313f9f8146caad4272f6abb8bf99fc6cf59344a3167ecd74f4f203f",
                "sha256:c607bb3b57dc779d55e1554846352b4e358c10fff3abf3514a7a6601beebdb30",
                "sha256:ea8518d152174e1249c4f2a1c89e3e6065941df2fa13a1ab45327716a23c2b48"
            ],
            "markers": "python_version >= '2.7' and python_version not in '3.0, 3.1, 3.2, 3.3'",
            "version": "==5.9.5"
        },
        "pycaw": {
            "hashes": [
                "sha256:32b18cfd972fecad2bc97e746107e3c1323e41666f7c70541b2fac5046b33eb8",
                "sha256:97ccceda83d09d00c811b84a766d6b0bca211c284bd8d40475463e0f9aceeea0"
            ],
            "index": "pypi",
            "version": "==20230407"
        },
        "pymata4": {
            "hashes": [
                "sha256:cca1062e89bd68c72ccef32a0c10a8d78a0e21ca09da4569cc878be8d596db3a",
                "sha256:df2205f39a84d1164d3641f1944321500bc9e484c1af3e7ae6546471ad538afb"
            ],
            "index": "pypi",
            "version": "==1.15"
        },
        "pyserial": {
            "hashes": [
                "sha256:3c77e014170dfffbd816e6ffc205e9842efb10be9f58ec16d3e8675b4925cddb",
                "sha256:c4451db6ba391ca6ca299fb3ec7bae67a5c55dde170964c7a14ceefec02f2cf0"
            ],
            "version": "==3.5"
        },
        "sympy": {
            "hashes": [
                "sha256:c3588cd4295d0c0f603d0f2ae780587e64e2efeedb3521e46b9bb1d08d184fa5",
                "sha256:ebf595c8dac3e0fdc4152c51878b498396ec7f30e7a914d6071e674d49420fb8"
            ],
            "index": "pypi",
            "version": "==1.12"
        },
        "wolframalpha": {
            "hashes": [
                "sha256:159f5d8fd31e4a734a34a9f3ae8aec4e9b2ef392607f82069b4a324b6b1831d5",
                "sha256:38bf27654039ec85cc62c199dd319b6a4d6a7badfed7af1cd161f081afdb57c0"
            ],
            "index": "pypi",
            "version": "==5.0.0"
        },
        "xmltodict": {
            "hashes": [
                "sha256:341595a488e3e01a85a9d8911d8912fd922ede5fecc4dce437eb4b6c8d037e56",
                "sha256:aa89e8fd76320154a40d19a0df04a4695fb9dc5ba977cbb68ab3e4eb225e7852"
            ],
            "markers": "python_version >= '3.4'",
            "version": "==0.13.0"
        }
    },
    "develop": {}
}
